{
  "lockfile_version": "1",
  "packages": {
    "github:NixOS/nixpkgs/nixpkgs-unstable": {
      "last_modified": "2025-06-26T00:46:18Z",
      "resolved": "github:NixOS/nixpkgs/322d8a3c6940039f7cff179a8b09c5d7ca06359d?lastModified=1750898778"
    },
    "libiconv@latest": {
      "last_modified": "2025-06-20T02:24:11Z",
      "resolved": "github:NixOS/nixpkgs/076e8c6678d8c54204abcb4b1b14c366835a58bb#libiconv",
      "source": "devbox-search",
      "version": "109",
      "systems": {
        "aarch64-darwin": {
          "outputs": [
            {
              "name": "out",
              "path": "/nix/store/vh87hyvf719ma4nv00blnx4sxm4wd58g-libiconv-109",
              "default": true
            },
            {
              "name": "dev",
              "path": "/nix/store/6sshh5ajg1wxsvqyk2xmz0pcl4ygy0jj-libiconv-109-dev"
            }
          ],
          "store_path": "/nix/store/vh87hyvf719ma4nv00blnx4sxm4wd58g-libiconv-109"
        },
        "x86_64-darwin": {
          "outputs": [
            {
              "name": "out",
              "path": "/nix/store/kjw10j3vv528lmps6l66kc97fxhg5hfy-libiconv-109",
              "default": true
            },
            {
              "name": "dev",
              "path": "/nix/store/x0yjgp489ix9ajad7rk3pb3v1bd2czr7-libiconv-109-dev"
            }
          ],
          "store_path": "/nix/store/kjw10j3vv528lmps6l66kc97fxhg5hfy-libiconv-109"
        },
        "x86_64-linux": {
          "outputs": [
            {
              "path": "/tmp/containerbase/cache/nix/store/279bpqancvb18sbv0klbda9pvp6yz8l0-glibc-iconv-2.40",
              "default": true
            }
          ]
        }
      }
    },
    "nodejs@24.10.0": {
      "last_modified": "2025-10-13T09:56:54Z",
      "plugin_version": "0.0.2",
      "resolved": "github:NixOS/nixpkgs/c12c63cd6c5eb34c7b4c3076c6a99e00fcab86ec#nodejs_24",
      "source": "devbox-search",
      "version": "24.10.0",
      "systems": {
        "aarch64-darwin": {
          "outputs": [
            {
              "name": "out",
              "path": "/nix/store/355hbbr8bfhyij7vkqczbjmgqa9dbrsh-nodejs-24.10.0",
              "default": true
            },
            {
              "name": "dev",
              "path": "/nix/store/pfnl3nqxa7agrd4rw52z52pspss7nvbi-nodejs-24.10.0-dev"
            },
            {
              "name": "libv8",
              "path": "/nix/store/ch0ss8jqxs4dda64786ap78s3vrfi3kz-nodejs-24.10.0-libv8"
            }
          ],
          "store_path": "/nix/store/355hbbr8bfhyij7vkqczbjmgqa9dbrsh-nodejs-24.10.0"
        },
        "aarch64-linux": {
          "outputs": [
            {
              "name": "out",
              "path": "/nix/store/ybfap4y7drm5nbx358cj238ba87gp8bk-nodejs-24.10.0",
              "default": true
            },
            {
              "name": "dev",
              "path": "/nix/store/zdwjsr9hcb8ydkgwvljnm1rcbfg3336k-nodejs-24.10.0-dev"
            },
            {
              "name": "libv8",
              "path": "/nix/store/lmcnw7gwb71bfy15qb87b1cphsxvj5jp-nodejs-24.10.0-libv8"
            }
          ],
          "store_path": "/nix/store/ybfap4y7drm5nbx358cj238ba87gp8bk-nodejs-24.10.0"
        },
        "x86_64-darwin": {
          "outputs": [
            {
              "name": "out",
              "path": "/nix/store/bgh57m6c4k348hd4wyb367xwkljq42ky-nodejs-24.10.0",
              "default": true
            },
            {
              "name": "dev",
              "path": "/nix/store/747r79izxv4jm0h1zn2qdyc7hbz06ckz-nodejs-24.10.0-dev"
            },
            {
              "name": "libv8",
              "path": "/nix/store/2zb0z0qhzb29jlksjpc2vz0sk9icln1p-nodejs-24.10.0-libv8"
            }
          ],
          "store_path": "/nix/store/bgh57m6c4k348hd4wyb367xwkljq42ky-nodejs-24.10.0"
        },
        "x86_64-linux": {
          "outputs": [
            {
              "name": "out",
              "path": "/nix/store/p2sk3402d788hqn5diy5gba8cskjffzz-nodejs-24.10.0",
              "default": true
            },
            {
              "name": "dev",
              "path": "/nix/store/fn613shrdw5k5d5is7h8rs3dmi9xrh37-nodejs-24.10.0-dev"
            },
            {
              "name": "libv8",
              "path": "/nix/store/y9km82y1yqw1r7ld0xcifpj9zfzfy0q3-nodejs-24.10.0-libv8"
            }
          ],
          "store_path": "/nix/store/p2sk3402d788hqn5diy5gba8cskjffzz-nodejs-24.10.0"
        }
      }
    },
    "playwright-test@1.54.1": {
      "last_modified": "2025-07-24T23:24:55Z",
      "resolved": "github:NixOS/nixpkgs/0d00f23f023b7215b3f1035adb5247c8ec180dbc#playwright-test",
      "source": "devbox-search",
      "version": "1.54.1",
      "systems": {
        "aarch64-darwin": {
          "outputs": [
            {
              "name": "out",
              "path": "/nix/store/av18v4napasnx5jvj6snli26cskkiy5a-playwright-test-1.54.1",
              "default": true
            }
          ],
          "store_path": "/nix/store/av18v4napasnx5jvj6snli26cskkiy5a-playwright-test-1.54.1"
        },
        "aarch64-linux": {
          "outputs": [
            {
              "name": "out",
              "path": "/nix/store/2jfm794iddp0flaj5b8fpdl68np8wnif-playwright-test-1.54.1",
              "default": true
            }
          ],
          "store_path": "/nix/store/2jfm794iddp0flaj5b8fpdl68np8wnif-playwright-test-1.54.1"
        },
        "x86_64-darwin": {
          "outputs": [
            {
              "name": "out",
              "path": "/nix/store/dr9hw38yfa1d3z0pdwkkfrld2rpdn35g-playwright-test-1.54.1",
              "default": true
            }
          ],
          "store_path": "/nix/store/dr9hw38yfa1d3z0pdwkkfrld2rpdn35g-playwright-test-1.54.1"
        },
        "x86_64-linux": {
          "outputs": [
            {
              "name": "out",
              "path": "/nix/store/d7nj0y597kwrjhzaw0cdvfrl1r8b3157-playwright-test-1.54.1",
              "default": true
            }
          ],
          "store_path": "/nix/store/d7nj0y597kwrjhzaw0cdvfrl1r8b3157-playwright-test-1.54.1"
        }
      }
    },
    "pre-commit@4.3.0": {
      "last_modified": "2025-09-18T16:33:27Z",
      "resolved": "github:NixOS/nixpkgs/f4b140d5b253f5e2a1ff4e5506edbf8267724bde#pre-commit",
      "source": "devbox-search",
      "version": "4.3.0",
      "systems": {
        "aarch64-darwin": {
          "outputs": [
            {
              "name": "out",
              "path": "/nix/store/i2y7jkijwc5f0ly9w7pb5nsnib2mlm3v-pre-commit-4.3.0",
              "default": true
            },
            {
              "name": "dist",
              "path": "/nix/store/r65b8k7p52fcw1lnaw560wnswn7sq5l9-pre-commit-4.3.0-dist"
            }
          ],
          "store_path": "/nix/store/i2y7jkijwc5f0ly9w7pb5nsnib2mlm3v-pre-commit-4.3.0"
        },
        "aarch64-linux": {
          "outputs": [
            {
              "name": "out",
              "path": "/nix/store/053lk2khq3v7p8sqx84whzhlb429g6gm-pre-commit-4.3.0",
              "default": true
            },
            {
              "name": "dist",
              "path": "/nix/store/dfm1bdbsvw4qd214972h81fw8g5fpdjc-pre-commit-4.3.0-dist"
            }
          ],
          "store_path": "/nix/store/053lk2khq3v7p8sqx84whzhlb429g6gm-pre-commit-4.3.0"
        },
        "x86_64-darwin": {
          "outputs": [
            {
              "name": "out",
              "path": "/nix/store/j79nsa5j79wmq3jf4kwizaldr5fm82mv-pre-commit-4.3.0",
              "default": true
            },
            {
              "name": "dist",
              "path": "/nix/store/drb2rm5vz0632ydd6m4xwkpcj6j01w4q-pre-commit-4.3.0-dist"
            }
          ],
          "store_path": "/nix/store/j79nsa5j79wmq3jf4kwizaldr5fm82mv-pre-commit-4.3.0"
        },
        "x86_64-linux": {
          "outputs": [
            {
              "name": "out",
              "path": "/nix/store/0ybak1vc0vafqfy5dwyb5biaxr98f3kn-pre-commit-4.3.0",
              "default": true
            },
            {
              "name": "dist",
              "path": "/nix/store/7ni86x0z72zq3r5kyyixy52vsgz8rn3g-pre-commit-4.3.0-dist"
            }
          ],
          "store_path": "/nix/store/0ybak1vc0vafqfy5dwyb5biaxr98f3kn-pre-commit-4.3.0"
        }
      }
    },
    "rustup@1.28.2": {
      "last_modified": "2025-06-20T02:24:11Z",
      "plugin_version": "0.0.1",
      "resolved": "github:NixOS/nixpkgs/076e8c6678d8c54204abcb4b1b14c366835a58bb#rustup",
      "source": "devbox-search",
      "version": "1.28.2",
      "systems": {
        "aarch64-darwin": {
          "outputs": [
            {
              "name": "out",
              "path": "/nix/store/nb1gl6mqgf2hi7pllaphz83dykxc3b1m-rustup-1.28.2",
              "default": true
            }
          ],
          "store_path": "/nix/store/nb1gl6mqgf2hi7pllaphz83dykxc3b1m-rustup-1.28.2"
        },
        "aarch64-linux": {
          "outputs": [
            {
              "name": "out",
              "path": "/nix/store/a182w5lyjl5rcx0y7j2vclh1bhnw2nks-rustup-1.28.2",
              "default": true
            }
          ],
          "store_path": "/nix/store/a182w5lyjl5rcx0y7j2vclh1bhnw2nks-rustup-1.28.2"
        },
        "x86_64-darwin": {
          "outputs": [
            {
              "name": "out",
              "path": "/nix/store/25yizxrzz607kydwz9cvs8nbn5iihpzb-rustup-1.28.2",
              "default": true
            }
          ],
          "store_path": "/nix/store/25yizxrzz607kydwz9cvs8nbn5iihpzb-rustup-1.28.2"
        },
        "x86_64-linux": {
          "outputs": [
            {
              "name": "out",
              "path": "/nix/store/6pmry62nspd354vnj3kdbwlr7lfdd8r4-rustup-1.28.2",
              "default": true
            }
          ],
          "store_path": "/nix/store/6pmry62nspd354vnj3kdbwlr7lfdd8r4-rustup-1.28.2"
        }
      }
    },
    "shellcheck@0.11.0": {
      "last_modified": "2025-10-07T08:41:47Z",
      "resolved": "github:NixOS/nixpkgs/bce5fe2bb998488d8e7e7856315f90496723793c#shellcheck",
      "source": "devbox-search",
      "version": "0.11.0",
      "systems": {
        "aarch64-darwin": {
          "outputs": [
            {
              "name": "bin",
              "path": "/nix/store/r0w1y7il93q8frhxcwi8aycgsm5adbxy-shellcheck-0.11.0-bin",
              "default": true
            },
            {
              "name": "man",
              "path": "/nix/store/sbaqz2dmsyzyh98h0da4lgmvccdg2x9b-shellcheck-0.11.0-man",
              "default": true
            },
            {
              "name": "doc",
              "path": "/nix/store/71w04lv3d2jzk5ih6s597xjzfidzbin1-shellcheck-0.11.0-doc",
              "default": true
            },
            {
              "name": "out",
              "path": "/nix/store/mdqsxcdxvm2sz132dslsz52v35fhrwic-shellcheck-0.11.0"
            }
          ],
          "store_path": "/nix/store/r0w1y7il93q8frhxcwi8aycgsm5adbxy-shellcheck-0.11.0-bin"
        },
        "aarch64-linux": {
          "outputs": [
            {
              "name": "bin",
              "path": "/nix/store/v55ckpsljfz6q8a8ak4bf29nz1prkb0l-shellcheck-0.11.0-bin",
              "default": true
            },
            {
              "name": "man",
              "path": "/nix/store/zrf5hixy8hjbalvgc0v6p8gyzdblm5iq-shellcheck-0.11.0-man",
              "default": true
            },
            {
              "name": "doc",
              "path": "/nix/store/lysi2f6x2dknvaszdql98c3wxhj16zxi-shellcheck-0.11.0-doc",
              "default": true
            },
            {
              "name": "out",
              "path": "/nix/store/n9hsi3hbxghrjxqygrammc10rhsjv98n-shellcheck-0.11.0"
            }
          ],
          "store_path": "/nix/store/v55ckpsljfz6q8a8ak4bf29nz1prkb0l-shellcheck-0.11.0-bin"
        },
        "x86_64-darwin": {
          "outputs": [
            {
              "name": "bin",
              "path": "/nix/store/szpr8mnviiwf4wfhy5iawpl7vpalmyd0-shellcheck-0.11.0-bin",
              "default": true
            },
            {
              "name": "man",
              "path": "/nix/store/z5f2qc8ghjfjmia7yfvfqhxgbr2jvmng-shellcheck-0.11.0-man",
              "default": true
            },
            {
              "name": "doc",
              "path": "/nix/store/mi8zw9a9a973hvla0fnblahvqqgnpas7-shellcheck-0.11.0-doc",
              "default": true
            },
            {
              "name": "out",
              "path": "/nix/store/x1vgi1gxcgvih69k9gbw7wb3h8lphz06-shellcheck-0.11.0"
            }
          ],
          "store_path": "/nix/store/szpr8mnviiwf4wfhy5iawpl7vpalmyd0-shellcheck-0.11.0-bin"
        },
        "x86_64-linux": {
          "outputs": [
            {
              "name": "bin",
              "path": "/nix/store/vi57yivr3bgqg4b72il2yqv2x7x4qn7v-shellcheck-0.11.0-bin",
              "default": true
            },
            {
              "name": "man",
              "path": "/nix/store/riv61d1wih6psl4qj9a73nj54bgjy7pl-shellcheck-0.11.0-man",
              "default": true
            },
            {
              "name": "doc",
              "path": "/nix/store/rwnyiaincy1sja6chmy0dc89k9vm1mfz-shellcheck-0.11.0-doc",
              "default": true
            },
            {
              "name": "out",
              "path": "/nix/store/anr15z39i15hapgndmalbpg5xyxzfrkr-shellcheck-0.11.0"
            }
          ],
          "store_path": "/nix/store/vi57yivr3bgqg4b72il2yqv2x7x4qn7v-shellcheck-0.11.0-bin"
        }
      }
    }
  }
}
