{
  "lockfile_version": "1",
  "packages": {
    "github:NixOS/nixpkgs/nixpkgs-unstable": {
      "last_modified": "2025-05-30T10:46:38Z",
      "resolved": "github:NixOS/nixpkgs/8ca7ec685bbee55d6dcb326abe23945c0806c39e?lastModified=1748601998&narHash=sha256-XbIdzeWUL6Htz3%2FEbeyY71qMxYizMUWYltWYGg6qfcI%3D"
    },
    "libiconv@latest": {
      "last_modified": "2025-05-16T20:19:48Z",
      "resolved": "github:NixOS/nixpkgs/12a55407652e04dcf2309436eb06fef0d3713ef3#libiconv",
      "source": "devbox-search",
      "version": "109",
      "systems": {
        "aarch64-darwin": {
          "outputs": [
            {
              "name": "out",
              "path": "/nix/store/fhza62gkyw0mp1h2zls6pl1832zjjf26-libiconv-109",
              "default": true
            },
            {
              "name": "dev",
              "path": "/nix/store/m3l5s4b1v7l2hs9dm73i76cx6acry77k-libiconv-109-dev"
            }
          ],
          "store_path": "/nix/store/fhza62gkyw0mp1h2zls6pl1832zjjf26-libiconv-109"
        },
        "x86_64-darwin": {
          "outputs": [
            {
              "name": "out",
              "path": "/nix/store/4hbbb0r290fg4ialgkcz7ic91sb8xal3-libiconv-109",
              "default": true
            },
            {
              "name": "dev",
              "path": "/nix/store/4hnvfdzjbrigl492vn7np90rgx4lwql7-libiconv-109-dev"
            }
          ],
          "store_path": "/nix/store/4hbbb0r290fg4ialgkcz7ic91sb8xal3-libiconv-109"
        },
        "x86_64-linux": {
          "outputs": [
            {
              "path": "/tmp/containerbase/cache/nix/store/bxsh852vxfcfvczs31zq26gddksw0qpw-glibc-iconv-2.40",
              "default": true
            }
          ]
        }
      }
    },
    "nodejs@24.1.0": {
      "last_modified": "2025-05-29T08:12:58Z",
      "plugin_version": "0.0.2",
      "resolved": "github:NixOS/nixpkgs/3866ad91cfc172f08a6839def503d8fc2923c603#nodejs_24",
      "source": "devbox-search",
      "version": "24.1.0",
      "systems": {
        "aarch64-darwin": {
          "outputs": [
            {
              "name": "out",
              "path": "/nix/store/2q5an9rpdq4vhc5ag04ajxnzxxqsqchq-nodejs-24.1.0",
              "default": true
            },
            {
              "name": "dev",
              "path": "/nix/store/hb25vqffnqd3hl7glmm1y4n54bmpfppr-nodejs-24.1.0-dev"
            },
            {
              "name": "libv8",
              "path": "/nix/store/jw04y4lzw7x0v2yh437s3l6cri5l50vv-nodejs-24.1.0-libv8"
            }
          ],
          "store_path": "/nix/store/2q5an9rpdq4vhc5ag04ajxnzxxqsqchq-nodejs-24.1.0"
        },
        "aarch64-linux": {
          "outputs": [
            {
              "name": "out",
              "path": "/nix/store/1ypnf27d1amna71zl7jgjpli4r2xqzx9-nodejs-24.1.0",
              "default": true
            },
            {
              "name": "libv8",
              "path": "/nix/store/z1cbkwmgw0f94rhvc40v3k8z1rg9zkzf-nodejs-24.1.0-libv8"
            },
            {
              "name": "dev",
              "path": "/nix/store/3alphvmg91jin165pj9q5zfk7j40azbg-nodejs-24.1.0-dev"
            }
          ],
          "store_path": "/nix/store/1ypnf27d1amna71zl7jgjpli4r2xqzx9-nodejs-24.1.0"
        },
        "x86_64-darwin": {
          "outputs": [
            {
              "name": "out",
              "path": "/nix/store/plga9910l27vbg30ajmdsmccyj2a3pxm-nodejs-24.1.0",
              "default": true
            },
            {
              "name": "dev",
              "path": "/nix/store/4b8xp5vrd08ca1im5b607x1wwvy4njjx-nodejs-24.1.0-dev"
            },
            {
              "name": "libv8",
              "path": "/nix/store/d6cq633qq8jr8liaip97fjwpv9r15ivb-nodejs-24.1.0-libv8"
            }
          ],
          "store_path": "/nix/store/plga9910l27vbg30ajmdsmccyj2a3pxm-nodejs-24.1.0"
        },
        "x86_64-linux": {
          "outputs": [
            {
              "name": "out",
              "path": "/nix/store/wnayblhh0555nwfccnzcqkzph52y4yby-nodejs-24.1.0",
              "default": true
            },
            {
              "name": "libv8",
              "path": "/nix/store/4paqvzbw7jjzvn64liv5wwzc7fdsr7k7-nodejs-24.1.0-libv8"
            },
            {
              "name": "dev",
              "path": "/nix/store/8ydr7k53w188y9fhskl7ahl8ibchx7w8-nodejs-24.1.0-dev"
            }
          ],
          "store_path": "/nix/store/wnayblhh0555nwfccnzcqkzph52y4yby-nodejs-24.1.0"
        }
      }
    },
    "playwright-test@1.52.0": {
      "last_modified": "2025-05-21T01:27:34Z",
      "resolved": "github:NixOS/nixpkgs/f0d925b947cca0bbe7f2d25115cbaf021844aba7#playwright-test",
      "source": "devbox-search",
      "version": "1.52.0",
      "systems": {
        "aarch64-darwin": {
          "outputs": [
            {
              "name": "out",
              "path": "/nix/store/4dizxahpw1gwgb0yd0yjr4rslzprf6rb-playwright-test-1.52.0",
              "default": true
            }
          ],
          "store_path": "/nix/store/4dizxahpw1gwgb0yd0yjr4rslzprf6rb-playwright-test-1.52.0"
        },
        "aarch64-linux": {
          "outputs": [
            {
              "name": "out",
              "path": "/nix/store/sl0cwhgfnislhkyw8kw4n85zalgkimkq-playwright-test-1.52.0",
              "default": true
            }
          ],
          "store_path": "/nix/store/sl0cwhgfnislhkyw8kw4n85zalgkimkq-playwright-test-1.52.0"
        },
        "x86_64-darwin": {
          "outputs": [
            {
              "name": "out",
              "path": "/nix/store/79w2g5sx7bq2hwpvsbrw3h6n0psh0lsw-playwright-test-1.52.0",
              "default": true
            }
          ],
          "store_path": "/nix/store/79w2g5sx7bq2hwpvsbrw3h6n0psh0lsw-playwright-test-1.52.0"
        },
        "x86_64-linux": {
          "outputs": [
            {
              "name": "out",
              "path": "/nix/store/svwxd12v7yvq108hsgwxaqci3pjfx1w4-playwright-test-1.52.0",
              "default": true
            }
          ],
          "store_path": "/nix/store/svwxd12v7yvq108hsgwxaqci3pjfx1w4-playwright-test-1.52.0"
        }
      }
    },
    "rustup@1.28.2": {
      "last_modified": "2025-05-24T21:46:02Z",
      "plugin_version": "0.0.1",
      "resolved": "github:NixOS/nixpkgs/edb3633f9100d9277d1c9af245a4e9337a980c07#rustup",
      "source": "devbox-search",
      "version": "1.28.2",
      "systems": {
        "aarch64-darwin": {
          "outputs": [
            {
              "name": "out",
              "path": "/nix/store/jzf2xrccygh4afih9vxilf1caykwpn8j-rustup-1.28.2",
              "default": true
            }
          ],
          "store_path": "/nix/store/jzf2xrccygh4afih9vxilf1caykwpn8j-rustup-1.28.2"
        },
        "aarch64-linux": {
          "outputs": [
            {
              "name": "out",
              "path": "/nix/store/5xymib0ivbfwc34wxcyja8j4fsnadzq1-rustup-1.28.2",
              "default": true
            }
          ],
          "store_path": "/nix/store/5xymib0ivbfwc34wxcyja8j4fsnadzq1-rustup-1.28.2"
        },
        "x86_64-darwin": {
          "outputs": [
            {
              "name": "out",
              "path": "/nix/store/32hqli9jj5fmjk1xl2l64xxwqswajfx9-rustup-1.28.2",
              "default": true
            }
          ],
          "store_path": "/nix/store/32hqli9jj5fmjk1xl2l64xxwqswajfx9-rustup-1.28.2"
        },
        "x86_64-linux": {
          "outputs": [
            {
              "name": "out",
              "path": "/nix/store/hav3ba66s36zxh8ljynyw7s6g31b7xbf-rustup-1.28.2",
              "default": true
            }
          ],
          "store_path": "/nix/store/hav3ba66s36zxh8ljynyw7s6g31b7xbf-rustup-1.28.2"
        }
      }
    }
  }
}
